
Microsoft Visual Studio Solution File, Format Version 12.00
# Visual Studio Version 17
VisualStudioVersion = 17.8.34330.188
MinimumVisualStudioVersion = 10.0.40219.1
Project("{8BC9CEB8-8B4A-11D0-8D11-00A0C91BC942}") = "MyMFCLib", "MyMFCLib\MyMFCLib.vcxproj", "{2045A4C7-30CE-46F2-B161-6D8F8C37F68F}"
EndProject
Project("{8BC9CEB8-8B4A-11D0-8D11-00A0C91BC942}") = "MFCApplication3", "MFCApplication3\MFCApplication3.vcxproj", "{1E48BC4A-2E3A-4D52-B5B2-174466B55F6D}"
	ProjectSection(ProjectDependencies) = postProject
		{2045A4C7-30CE-46F2-B161-6D8F8C37F68F} = {2045A4C7-30CE-46F2-B161-6D8F8C37F68F}
	EndProjectSection
EndProject
Global
	GlobalSection(SolutionConfigurationPlatforms) = preSolution
		Debug|ARM64 = Debug|ARM64
		Debug|x64 = Debug|x64
		Debug|x86 = Debug|x86
		Release|ARM64 = Release|ARM64
		Release|x64 = Release|x64
		Release|x86 = Release|x86
	EndGlobalSection
	GlobalSection(ProjectConfigurationPlatforms) = postSolution
		{2045A4C7-30CE-46F2-B161-6D8F8C37F68F}.Debug|ARM64.ActiveCfg = Debug|ARM64
		{2045A4C7-30CE-46F2-B161-6D8F8C37F68F}.Debug|ARM64.Build.0 = Debug|ARM64
		{2045A4C7-30CE-46F2-B161-6D8F8C37F68F}.Debug|x64.ActiveCfg = Debug|x64
		{2045A4C7-30CE-46F2-B161-6D8F8C37F68F}.Debug|x64.Build.0 = Debug|x64
		{2045A4C7-30CE-46F2-B161-6D8F8C37F68F}.Debug|x86.ActiveCfg = Debug|Win32
		{2045A4C7-30CE-46F2-B161-6D8F8C37F68F}.Debug|x86.Build.0 = Debug|Win32
		{2045A4C7-30CE-46F2-B161-6D8F8C37F68F}.Release|ARM64.ActiveCfg = Release|ARM64
		{2045A4C7-30CE-46F2-B161-6D8F8C37F68F}.Release|ARM64.Build.0 = Release|ARM64
		{2045A4C7-30CE-46F2-B161-6D8F8C37F68F}.Release|x64.ActiveCfg = Release|x64
		{2045A4C7-30CE-46F2-B161-6D8F8C37F68F}.Release|x64.Build.0 = Release|x64
		{2045A4C7-30CE-46F2-B161-6D8F8C37F68F}.Release|x86.ActiveCfg = Release|Win32
		{2045A4C7-30CE-46F2-B161-6D8F8C37F68F}.Release|x86.Build.0 = Release|Win32
		{1E48BC4A-2E3A-4D52-B5B2-174466B55F6D}.Debug|ARM64.ActiveCfg = Debug|ARM64
		{1E48BC4A-2E3A-4D52-B5B2-174466B55F6D}.Debug|ARM64.Build.0 = Debug|ARM64
		{1E48BC4A-2E3A-4D52-B5B2-174466B55F6D}.Debug|x64.ActiveCfg = Debug|x64
		{1E48BC4A-2E3A-4D52-B5B2-174466B55F6D}.Debug|x64.Build.0 = Debug|x64
		{1E48BC4A-2E3A-4D52-B5B2-174466B55F6D}.Debug|x86.ActiveCfg = Debug|Win32
		{1E48BC4A-2E3A-4D52-B5B2-174466B55F6D}.Debug|x86.Build.0 = Debug|Win32
		{1E48BC4A-2E3A-4D52-B5B2-174466B55F6D}.Release|ARM64.ActiveCfg = Release|ARM64
		{1E48BC4A-2E3A-4D52-B5B2-174466B55F6D}.Release|ARM64.Build.0 = Release|ARM64
		{1E48BC4A-2E3A-4D52-B5B2-174466B55F6D}.Release|x64.ActiveCfg = Release|x64
		{1E48BC4A-2E3A-4D52-B5B2-174466B55F6D}.Release|x64.Build.0 = Release|x64
		{1E48BC4A-2E3A-4D52-B5B2-174466B55F6D}.Release|x86.ActiveCfg = Release|Win32
		{1E48BC4A-2E3A-4D52-B5B2-174466B55F6D}.Release|x86.Build.0 = Release|Win32
	EndGlobalSection
	GlobalSection(SolutionProperties) = preSolution
		HideSolutionNode = FALSE
	EndGlobalSection
	GlobalSection(ExtensibilityGlobals) = postSolution
		SolutionGuid = {AACCC334-C242-4A42-83D7-3E357575598A}
	EndGlobalSection
EndGlobal
